{
  "name": "3dJs",
  "lockfileVersion": 3,
  "requires": true,
  "packages": {
    "": {
      "dependencies": {
        "@splinetool/loader": "^0.9.196",
        "@splinetool/runtime": "^0.9.196"
      }
    },
    "node_modules/@splinetool/loader": {
      "version": "0.9.196",
      "resolved": "https://registry.npmjs.org/@splinetool/loader/-/loader-0.9.196.tgz",
      "integrity": "sha512-DbZ9Pc4RxIFRMaw6pFYeoktsTobQT0JePVaIZliAmKhEHdnogDr01b7AwtjuWcZsOLiIt3TcZsFydoP16O8Qag==",
      "peerDependencies": {
        "three": ">=0.133.0"
      }
    },
    "node_modules/@splinetool/runtime": {
      "version": "0.9.196",
      "resolved": "https://registry.npmjs.org/@splinetool/runtime/-/runtime-0.9.196.tgz",
      "integrity": "sha512-zlICsQOwU64Pw18mmpKwPAEI6vjIm33fasTVR1JnklPotVK0cl/+F7Xx/gtqKiqZnT1creDw6qZhIq1ttFKRpA==",
      "dependencies": {
        "on-change": "^4.0.0"
      }
    },
    "node_modules/on-change": {
      "version": "4.0.2",
      "resolved": "https://registry.npmjs.org/on-change/-/on-change-4.0.2.tgz",
      "integrity": "sha512-cMtCyuJmTx/bg2HCpHo3ZLeF7FZnBOapLqZHr2AlLeJ5Ul0Zu2mUJJz051Fdwu/Et2YW04ZD+TtU+gVy0ACNCA==",
      "engines": {
        "node": "^12.20.0 || ^14.13.1 || >=16.0.0"
      },
      "funding": {
        "url": "https://github.com/sindresorhus/on-change?sponsor=1"
      }
    },
    "node_modules/three": {
      "version": "0.148.0",
      "resolved": "https://registry.npmjs.org/three/-/three-0.148.0.tgz",
      "integrity": "sha512-8uzVV+qhTPi0bOFs/3te3RW6hb3urL8jYEl6irjCWo/l6sr8MPNMcClFev/MMYeIxr0gmDcoXTy/8LXh/LXkfw==",
      "peer": true
    }
  }
}
